
Microsoft Visual Studio Solution File, Format Version 12.00
# Visual Studio Version 17
VisualStudioVersion = 17.11.35312.102
MinimumVisualStudioVersion = 10.0.40219.1
Project("{FAE04EC0-301F-11D3-BF4B-00C04F79EFBC}") = "BT2", "OOP4\BT2.csproj", "{D25EBA74-FE75-4D7B-805A-C344EC9D2315}"
EndProject
Project("{FAE04EC0-301F-11D3-BF4B-00C04F79EFBC}") = "BT1", "BT1\BT1.csproj", "{2518A6DA-27A6-42F9-A07E-572AFAA7AEF0}"
EndProject
Project("{FAE04EC0-301F-11D3-BF4B-00C04F79EFBC}") = "BT3", "BT3\BT3.csproj", "{CAC009F7-0D2F-4F7E-A094-A74F8BF35E2B}"
EndProject
Project("{FAE04EC0-301F-11D3-BF4B-00C04F79EFBC}") = "BT4", "BT4\BT4.csproj", "{A7DFD224-5A50-4733-99F9-5B6585577128}"
EndProject
Project("{FAE04EC0-301F-11D3-BF4B-00C04F79EFBC}") = "BT5", "BT5\BT5.csproj", "{8E4AB86F-1181-4AE1-A539-3F601EBF25FE}"
EndProject
Global
	GlobalSection(SolutionConfigurationPlatforms) = preSolution
		Debug|Any CPU = Debug|Any CPU
		Release|Any CPU = Release|Any CPU
	EndGlobalSection
	GlobalSection(ProjectConfigurationPlatforms) = postSolution
		{D25EBA74-FE75-4D7B-805A-C344EC9D2315}.Debug|Any CPU.ActiveCfg = Debug|Any CPU
		{D25EBA74-FE75-4D7B-805A-C344EC9D2315}.Debug|Any CPU.Build.0 = Debug|Any CPU
		{D25EBA74-FE75-4D7B-805A-C344EC9D2315}.Release|Any CPU.ActiveCfg = Release|Any CPU
		{D25EBA74-FE75-4D7B-805A-C344EC9D2315}.Release|Any CPU.Build.0 = Release|Any CPU
		{2518A6DA-27A6-42F9-A07E-572AFAA7AEF0}.Debug|Any CPU.ActiveCfg = Debug|Any CPU
		{2518A6DA-27A6-42F9-A07E-572AFAA7AEF0}.Debug|Any CPU.Build.0 = Debug|Any CPU
		{2518A6DA-27A6-42F9-A07E-572AFAA7AEF0}.Release|Any CPU.ActiveCfg = Release|Any CPU
		{2518A6DA-27A6-42F9-A07E-572AFAA7AEF0}.Release|Any CPU.Build.0 = Release|Any CPU
		{CAC009F7-0D2F-4F7E-A094-A74F8BF35E2B}.Debug|Any CPU.ActiveCfg = Debug|Any CPU
		{CAC009F7-0D2F-4F7E-A094-A74F8BF35E2B}.Debug|Any CPU.Build.0 = Debug|Any CPU
		{CAC009F7-0D2F-4F7E-A094-A74F8BF35E2B}.Release|Any CPU.ActiveCfg = Release|Any CPU
		{CAC009F7-0D2F-4F7E-A094-A74F8BF35E2B}.Release|Any CPU.Build.0 = Release|Any CPU
		{A7DFD224-5A50-4733-99F9-5B6585577128}.Debug|Any CPU.ActiveCfg = Debug|Any CPU
		{A7DFD224-5A50-4733-99F9-5B6585577128}.Debug|Any CPU.Build.0 = Debug|Any CPU
		{A7DFD224-5A50-4733-99F9-5B6585577128}.Release|Any CPU.ActiveCfg = Release|Any CPU
		{A7DFD224-5A50-4733-99F9-5B6585577128}.Release|Any CPU.Build.0 = Release|Any CPU
		{8E4AB86F-1181-4AE1-A539-3F601EBF25FE}.Debug|Any CPU.ActiveCfg = Debug|Any CPU
		{8E4AB86F-1181-4AE1-A539-3F601EBF25FE}.Debug|Any CPU.Build.0 = Debug|Any CPU
		{8E4AB86F-1181-4AE1-A539-3F601EBF25FE}.Release|Any CPU.ActiveCfg = Release|Any CPU
		{8E4AB86F-1181-4AE1-A539-3F601EBF25FE}.Release|Any CPU.Build.0 = Release|Any CPU
	EndGlobalSection
	GlobalSection(SolutionProperties) = preSolution
		HideSolutionNode = FALSE
	EndGlobalSection
	GlobalSection(ExtensibilityGlobals) = postSolution
		SolutionGuid = {A3ECF416-097B-4223-A643-4CF37A8F9C45}
	EndGlobalSection
EndGlobal
